
Microsoft Visual Studio Solution File, Format Version 12.00
# Visual Studio Version 17
VisualStudioVersion = 17.5.33414.496
MinimumVisualStudioVersion = 10.0.40219.1
Project("{FAE04EC0-301F-11D3-BF4B-00C04F79EFBC}") = "Uygulama1", "Uygulama1\Uygulama1.csproj", "{0F9DC48F-984F-4C5F-BB06-98457226A889}"
EndProject
Global
	GlobalSection(SolutionConfigurationPlatforms) = preSolution
		Debug|Any CPU = Debug|Any CPU
		Release|Any CPU = Release|Any CPU
	EndGlobalSection
	GlobalSection(ProjectConfigurationPlatforms) = postSolution
		{0F9DC48F-984F-4C5F-BB06-98457226A889}.Debug|Any CPU.ActiveCfg = Debug|Any CPU
		{0F9DC48F-984F-4C5F-BB06-98457226A889}.Debug|Any CPU.Build.0 = Debug|Any CPU
		{0F9DC48F-984F-4C5F-BB06-98457226A889}.Release|Any CPU.ActiveCfg = Release|Any CPU
		{0F9DC48F-984F-4C5F-BB06-98457226A889}.Release|Any CPU.Build.0 = Release|Any CPU
	EndGlobalSection
	GlobalSection(SolutionProperties) = preSolution
		HideSolutionNode = FALSE
	EndGlobalSection
	GlobalSection(ExtensibilityGlobals) = postSolution
		SolutionGuid = {80520258-D180-49A3-A935-2B6C5CAEE9E8}
	EndGlobalSection
EndGlobal
